
Microsoft Visual Studio Solution File, Format Version 12.00
# Visual Studio 14
VisualStudioVersion = 14.0.25420.1
MinimumVisualStudioVersion = 10.0.40219.1
Project("{FAE04EC0-301F-11D3-BF4B-00C04F79EFBC}") = "Lupi.Web.Api", "Lupi.Web.Api\Lupi.Web.Api.csproj", "{4752C700-7059-4FF7-BAB4-5B842A335D8C}"
EndProject
Project("{FAE04EC0-301F-11D3-BF4B-00C04F79EFBC}") = "Lupi.Web.Api.Models", "Lupi.Web.Api.Models\Lupi.Web.Api.Models.csproj", "{EFCFB6A8-2204-4E3C-9D4B-9C484AEF1D28}"
EndProject
Project("{FAE04EC0-301F-11D3-BF4B-00C04F79EFBC}") = "Lupi.Data.Entities", "Lupi.Data.Entities\Lupi.Data.Entities.csproj", "{87C2DD41-3A11-46DF-9193-1DA5DE72DAF3}"
EndProject
Project("{FAE04EC0-301F-11D3-BF4B-00C04F79EFBC}") = "Lupi.Data.DataAccess", "Lupi.Data.DataAccess\Lupi.Data.DataAccess.csproj", "{9BEA2149-6324-4043-9CB1-079C032538B3}"
EndProject
Project("{FAE04EC0-301F-11D3-BF4B-00C04F79EFBC}") = "Lupi.BusinessLogic", "Lupi.BusinessLogic\Lupi.BusinessLogic.csproj", "{C8D80795-6249-41BE-BCD2-DE8FB540F66F}"
EndProject
Project("{FAE04EC0-301F-11D3-BF4B-00C04F79EFBC}") = "Lupi.Repository", "Lupi.Repository\Lupi.Repository.csproj", "{784AF3C4-5ADE-4D1E-86A0-D1332374AAFE}"
EndProject
Project("{FAE04EC0-301F-11D3-BF4B-00C04F79EFBC}") = "Lupi.DependencyResolver", "Lupi.DependencyResolver\Lupi.DependencyResolver.csproj", "{B996E991-D624-4955-B6F2-0C73225746A3}"
EndProject
Project("{FAE04EC0-301F-11D3-BF4B-00C04F79EFBC}") = "Lupi.Web.Api.Tests", "Lupi.Web.Api.Tests\Lupi.Web.Api.Tests.csproj", "{AC513E54-C7DA-4737-8373-0E57BD0BF167}"
EndProject
Global
	GlobalSection(SolutionConfigurationPlatforms) = preSolution
		Debug|Any CPU = Debug|Any CPU
		Release|Any CPU = Release|Any CPU
	EndGlobalSection
	GlobalSection(ProjectConfigurationPlatforms) = postSolution
		{4752C700-7059-4FF7-BAB4-5B842A335D8C}.Debug|Any CPU.ActiveCfg = Debug|Any CPU
		{4752C700-7059-4FF7-BAB4-5B842A335D8C}.Debug|Any CPU.Build.0 = Debug|Any CPU
		{4752C700-7059-4FF7-BAB4-5B842A335D8C}.Release|Any CPU.ActiveCfg = Release|Any CPU
		{4752C700-7059-4FF7-BAB4-5B842A335D8C}.Release|Any CPU.Build.0 = Release|Any CPU
		{EFCFB6A8-2204-4E3C-9D4B-9C484AEF1D28}.Debug|Any CPU.ActiveCfg = Debug|Any CPU
		{EFCFB6A8-2204-4E3C-9D4B-9C484AEF1D28}.Debug|Any CPU.Build.0 = Debug|Any CPU
		{EFCFB6A8-2204-4E3C-9D4B-9C484AEF1D28}.Release|Any CPU.ActiveCfg = Release|Any CPU
		{EFCFB6A8-2204-4E3C-9D4B-9C484AEF1D28}.Release|Any CPU.Build.0 = Release|Any CPU
		{87C2DD41-3A11-46DF-9193-1DA5DE72DAF3}.Debug|Any CPU.ActiveCfg = Debug|Any CPU
		{87C2DD41-3A11-46DF-9193-1DA5DE72DAF3}.Debug|Any CPU.Build.0 = Debug|Any CPU
		{87C2DD41-3A11-46DF-9193-1DA5DE72DAF3}.Release|Any CPU.ActiveCfg = Release|Any CPU
		{87C2DD41-3A11-46DF-9193-1DA5DE72DAF3}.Release|Any CPU.Build.0 = Release|Any CPU
		{9BEA2149-6324-4043-9CB1-079C032538B3}.Debug|Any CPU.ActiveCfg = Debug|Any CPU
		{9BEA2149-6324-4043-9CB1-079C032538B3}.Debug|Any CPU.Build.0 = Debug|Any CPU
		{9BEA2149-6324-4043-9CB1-079C032538B3}.Release|Any CPU.ActiveCfg = Release|Any CPU
		{9BEA2149-6324-4043-9CB1-079C032538B3}.Release|Any CPU.Build.0 = Release|Any CPU
		{C8D80795-6249-41BE-BCD2-DE8FB540F66F}.Debug|Any CPU.ActiveCfg = Debug|Any CPU
		{C8D80795-6249-41BE-BCD2-DE8FB540F66F}.Debug|Any CPU.Build.0 = Debug|Any CPU
		{C8D80795-6249-41BE-BCD2-DE8FB540F66F}.Release|Any CPU.ActiveCfg = Release|Any CPU
		{C8D80795-6249-41BE-BCD2-DE8FB540F66F}.Release|Any CPU.Build.0 = Release|Any CPU
		{784AF3C4-5ADE-4D1E-86A0-D1332374AAFE}.Debug|Any CPU.ActiveCfg = Debug|Any CPU
		{784AF3C4-5ADE-4D1E-86A0-D1332374AAFE}.Debug|Any CPU.Build.0 = Debug|Any CPU
		{784AF3C4-5ADE-4D1E-86A0-D1332374AAFE}.Release|Any CPU.ActiveCfg = Release|Any CPU
		{784AF3C4-5ADE-4D1E-86A0-D1332374AAFE}.Release|Any CPU.Build.0 = Release|Any CPU
		{B996E991-D624-4955-B6F2-0C73225746A3}.Debug|Any CPU.ActiveCfg = Debug|Any CPU
		{B996E991-D624-4955-B6F2-0C73225746A3}.Debug|Any CPU.Build.0 = Debug|Any CPU
		{B996E991-D624-4955-B6F2-0C73225746A3}.Release|Any CPU.ActiveCfg = Release|Any CPU
		{B996E991-D624-4955-B6F2-0C73225746A3}.Release|Any CPU.Build.0 = Release|Any CPU
		{AC513E54-C7DA-4737-8373-0E57BD0BF167}.Debug|Any CPU.ActiveCfg = Debug|Any CPU
		{AC513E54-C7DA-4737-8373-0E57BD0BF167}.Debug|Any CPU.Build.0 = Debug|Any CPU
		{AC513E54-C7DA-4737-8373-0E57BD0BF167}.Release|Any CPU.ActiveCfg = Release|Any CPU
		{AC513E54-C7DA-4737-8373-0E57BD0BF167}.Release|Any CPU.Build.0 = Release|Any CPU
	EndGlobalSection
	GlobalSection(SolutionProperties) = preSolution
		HideSolutionNode = FALSE
	EndGlobalSection
EndGlobal
